packages:
  - package: dbt-labs/dbt_utils
    version: 1.3.0
  - package: metaplane/dbt_expectations
    version: 0.10.10
  - package: dbt-labs/dbt_project_evaluator
    version: 0.8.0
  - package: dbt-labs/audit_helper
    version: 0.11.0
  - package: dbt-labs/codegen
    version: 0.12.1
  - package: godatadriven/dbt_date
    version: 0.15.0
sha1_hash: 38f8e33d84566be86d5aa5590d392f9f5a61a183
